
Microsoft Visual Studio Solution File, Format Version 12.00
# Visual Studio Version 17
VisualStudioVersion = 17.0.32126.317
MinimumVisualStudioVersion = 10.0.40219.1
Project("{888888A0-9F3D-457C-B088-3A5042F75D52}") = "Rin's Game Bot (Discord)", "Rin's Game Bot (Discord)\Rin's Game Bot (Discord).pyproj", "{B8E72896-D7B4-44DF-866A-F02B2F958865}"
EndProject
Global
	GlobalSection(SolutionConfigurationPlatforms) = preSolution
		Debug|Any CPU = Debug|Any CPU
		Release|Any CPU = Release|Any CPU
	EndGlobalSection
	GlobalSection(ProjectConfigurationPlatforms) = postSolution
		{B8E72896-D7B4-44DF-866A-F02B2F958865}.Debug|Any CPU.ActiveCfg = Debug|Any CPU
		{B8E72896-D7B4-44DF-866A-F02B2F958865}.Release|Any CPU.ActiveCfg = Release|Any CPU
	EndGlobalSection
	GlobalSection(SolutionProperties) = preSolution
		HideSolutionNode = FALSE
	EndGlobalSection
	GlobalSection(ExtensibilityGlobals) = postSolution
		SolutionGuid = {2A875E34-D535-45A0-9C4C-8738D10296E1}
	EndGlobalSection
EndGlobal
